
Microsoft Visual Studio Solution File, Format Version 12.00
# Visual Studio 15
VisualStudioVersion = 15.0.27428.2005
MinimumVisualStudioVersion = 10.0.40219.1
Project("{FAE04EC0-301F-11D3-BF4B-00C04F79EFBC}") = "CMS_SchoolProjectEntity", "Lib\CMS_SchoolProjectEntity\CMS_SchoolProjectEntity.csproj", "{13310825-6C6B-4418-9F02-113A458423EC}"
EndProject
Project("{FAE04EC0-301F-11D3-BF4B-00C04F79EFBC}") = "SchoolProject", "Site\SchoolProject\SchoolProject.csproj", "{D2759302-F9C8-432D-9A4E-6EA578B64F1C}"
EndProject
Global
	GlobalSection(SolutionConfigurationPlatforms) = preSolution
		Debug|Any CPU = Debug|Any CPU
		Release|Any CPU = Release|Any CPU
	EndGlobalSection
	GlobalSection(ProjectConfigurationPlatforms) = postSolution
		{13310825-6C6B-4418-9F02-113A458423EC}.Debug|Any CPU.ActiveCfg = Debug|Any CPU
		{13310825-6C6B-4418-9F02-113A458423EC}.Debug|Any CPU.Build.0 = Debug|Any CPU
		{13310825-6C6B-4418-9F02-113A458423EC}.Release|Any CPU.ActiveCfg = Release|Any CPU
		{13310825-6C6B-4418-9F02-113A458423EC}.Release|Any CPU.Build.0 = Release|Any CPU
		{D2759302-F9C8-432D-9A4E-6EA578B64F1C}.Debug|Any CPU.ActiveCfg = Debug|Any CPU
		{D2759302-F9C8-432D-9A4E-6EA578B64F1C}.Debug|Any CPU.Build.0 = Debug|Any CPU
		{D2759302-F9C8-432D-9A4E-6EA578B64F1C}.Release|Any CPU.ActiveCfg = Release|Any CPU
		{D2759302-F9C8-432D-9A4E-6EA578B64F1C}.Release|Any CPU.Build.0 = Release|Any CPU
	EndGlobalSection
	GlobalSection(SolutionProperties) = preSolution
		HideSolutionNode = FALSE
	EndGlobalSection
	GlobalSection(ExtensibilityGlobals) = postSolution
		SolutionGuid = {B49B495F-F03F-4279-A601-A49133270E93}
	EndGlobalSection
EndGlobal
